
Microsoft Visual Studio Solution File, Format Version 12.00
# Visual Studio 15
VisualStudioVersion = 15.0.28010.2036
MinimumVisualStudioVersion = 10.0.40219.1
Project("{9A19103F-16F7-4668-BE54-9A1E7A4F7556}") = "kibooks", "kibooks.csproj", "{23289576-5421-4F9D-88C9-556A316A0D0E}"
EndProject
Global
	GlobalSection(SolutionConfigurationPlatforms) = preSolution
		Debug|Any CPU = Debug|Any CPU
		Release|Any CPU = Release|Any CPU
	EndGlobalSection
	GlobalSection(ProjectConfigurationPlatforms) = postSolution
		{23289576-5421-4F9D-88C9-556A316A0D0E}.Debug|Any CPU.ActiveCfg = Debug|Any CPU
		{23289576-5421-4F9D-88C9-556A316A0D0E}.Debug|Any CPU.Build.0 = Debug|Any CPU
		{23289576-5421-4F9D-88C9-556A316A0D0E}.Release|Any CPU.ActiveCfg = Release|Any CPU
		{23289576-5421-4F9D-88C9-556A316A0D0E}.Release|Any CPU.Build.0 = Release|Any CPU
	EndGlobalSection
	GlobalSection(SolutionProperties) = preSolution
		HideSolutionNode = FALSE
	EndGlobalSection
	GlobalSection(ExtensibilityGlobals) = postSolution
		SolutionGuid = {3D606702-18E6-40EA-821C-634F496E5A46}
	EndGlobalSection
EndGlobal
